{
    "_readme": [
        "This file locks the dependencies of your project to a known state",
        "Read more about it at http://getcomposer.org/doc/01-basic-usage.md#composer-lock-the-lock-file",
        "This file is @generated automatically"
    ],
    "hash": "07d0ee9510572bbf00b27ccfbb5594fd",
    "packages": [
        {
            "name": "tedivm/stash",
            "version": "v0.12.2",
            "source": {
                "type": "git",
                "url": "https://github.com/tedious/Stash.git",
                "reference": "52312039a5ee8049647332784e032f71adff4dea"
            },
            "dist": {
                "type": "zip",
                "url": "https://api.github.com/repos/tedious/Stash/zipball/52312039a5ee8049647332784e032f71adff4dea",
                "reference": "52312039a5ee8049647332784e032f71adff4dea",
                "shasum": ""
            },
            "require": {
                "php": ">=5.3.0"
            },
            "require-dev": {
                "fabpot/php-cs-fixer": "1.1.*",
                "phpunit/phpunit": "4.3.*",
                "satooshi/php-coveralls": "dev-master"
            },
            "type": "library",
            "autoload": {
                "psr-4": {
                    "Stash\\": "src/Stash/"
                }
            },
            "notification-url": "https://packagist.org/downloads/",
            "license": [
                "BSD-3-Clause"
            ],
            "authors": [
                {
                    "name": "Robert Hafner",
                    "email": "tedivm@tedivm.com"
                },
                {
                    "name": "Josh Hall-Bachner",
                    "email": "charlequin@gmail.com"
                }
            ],
            "description": "The place to keep your cache.",
            "homepage": "http://github.com/tedious/Stash",
            "keywords": [
                "apc",
                "cache",
                "caching",
                "memcached",
                "redis",
                "sessions"
            ],
            "time": "2014-12-08 06:02:20"
        }
    ],
    "packages-dev": [],
    "aliases": [],
    "minimum-stability": "stable",
    "stability-flags": [],
    "prefer-stable": false,
    "platform": [],
    "platform-dev": []
}
